// !$*UTF8*$!
{
	archiveVersion = 1;
	classes = {
	};
	objectVersion = 56;
	objects = {

/* Begin PBXBuildFile section */
		C95519F92C67CFA700F2E072 /* EmotionaryApp.swift in Sources */ = {isa = PBXBuildFile; fileRef = C95519F82C67CFA700F2E072 /* EmotionaryApp.swift */; };
		C95519FB2C67CFA700F2E072 /* ContentView.swift in Sources */ = {isa = PBXBuildFile; fileRef = C95519FA2C67CFA700F2E072 /* ContentView.swift */; };
		C95519FD2C67CFA700F2E072 /* Item.swift in Sources */ = {isa = PBXBuildFile; fileRef = C95519FC2C67CFA700F2E072 /* Item.swift */; };
		C95519FF2C67CFA900F2E072 /* Assets.xcassets in Resources */ = {isa = PBXBuildFile; fileRef = C95519FE2C67CFA900F2E072 /* Assets.xcassets */; };
		C9551A022C67CFA900F2E072 /* Preview Assets.xcassets in Resources */ = {isa = PBXBuildFile; fileRef = C9551A012C67CFA900F2E072 /* Preview Assets.xcassets */; };
		C9551A0A2C67E50C00F2E072 /* Expression.swift in Sources */ = {isa = PBXBuildFile; fileRef = C9551A092C67E50C00F2E072 /* Expression.swift */; };
		C9551A0C2C67E68000F2E072 /* Emotion.swift in Sources */ = {isa = PBXBuildFile; fileRef = C9551A0B2C67E68000F2E072 /* Emotion.swift */; };
		C9551A0E2C67EA7700F2E072 /* Prompt.swift in Sources */ = {isa = PBXBuildFile; fileRef = C9551A0D2C67EA7700F2E072 /* Prompt.swift */; };
		C9551A112C67F98800F2E072 /* DailyStreak.swift in Sources */ = {isa = PBXBuildFile; fileRef = C9551A102C67F98800F2E072 /* DailyStreak.swift */; };
		C9551A132C67F9BE00F2E072 /* RecentEmotions.swift in Sources */ = {isa = PBXBuildFile; fileRef = C9551A122C67F9BE00F2E072 /* RecentEmotions.swift */; };
		C9551A152C6822AC00F2E072 /* MenuBar.swift in Sources */ = {isa = PBXBuildFile; fileRef = C9551A142C6822AC00F2E072 /* MenuBar.swift */; };
		C9551A172C685DA200F2E072 /* PromptNavigationCard.swift in Sources */ = {isa = PBXBuildFile; fileRef = C9551A162C685DA200F2E072 /* PromptNavigationCard.swift */; };
		C9551A192C685DE900F2E072 /* NewExpression.swift in Sources */ = {isa = PBXBuildFile; fileRef = C9551A182C685DE900F2E072 /* NewExpression.swift */; };
		C9551A1C2C692DF100F2E072 /* HomeView.swift in Sources */ = {isa = PBXBuildFile; fileRef = C9551A1B2C692DF100F2E072 /* HomeView.swift */; };
		C9551A1E2C69300200F2E072 /* GalleryView.swift in Sources */ = {isa = PBXBuildFile; fileRef = C9551A1D2C69300200F2E072 /* GalleryView.swift */; };
		C9551A202C6930E100F2E072 /* AllEmotions.swift in Sources */ = {isa = PBXBuildFile; fileRef = C9551A1F2C6930E100F2E072 /* AllEmotions.swift */; };
		C9551A232C69B14800F2E072 /* ExpressionPrompt.swift in Sources */ = {isa = PBXBuildFile; fileRef = C9551A222C69B14800F2E072 /* ExpressionPrompt.swift */; };
		C9551A252C69B90C00F2E072 /* DrawExpression.swift in Sources */ = {isa = PBXBuildFile; fileRef = C9551A242C69B90B00F2E072 /* DrawExpression.swift */; };
		C9551A292C6BCC0000F2E072 /* ExpressionForm.swift in Sources */ = {isa = PBXBuildFile; fileRef = C9551A282C6BCBFF00F2E072 /* ExpressionForm.swift */; };
		C9551A2D2C702B5500F2E072 /* ExpressionGridItem.swift in Sources */ = {isa = PBXBuildFile; fileRef = C9551A2C2C702B5500F2E072 /* ExpressionGridItem.swift */; };
		C9551A2F2C7123EC00F2E072 /* ExpressionFeedItem.swift in Sources */ = {isa = PBXBuildFile; fileRef = C9551A2E2C7123EC00F2E072 /* ExpressionFeedItem.swift */; };
		C9551A312C71248700F2E072 /* ExpressionFeed.swift in Sources */ = {isa = PBXBuildFile; fileRef = C9551A302C71248700F2E072 /* ExpressionFeed.swift */; };
/* End PBXBuildFile section */

/* Begin PBXFileReference section */
		C95519F52C67CFA700F2E072 /* Emotionary.app */ = {isa = PBXFileReference; explicitFileType = wrapper.application; includeInIndex = 0; path = Emotionary.app; sourceTree = BUILT_PRODUCTS_DIR; };
		C95519F82C67CFA700F2E072 /* EmotionaryApp.swift */ = {isa = PBXFileReference; lastKnownFileType = sourcecode.swift; path = EmotionaryApp.swift; sourceTree = "<group>"; };
		C95519FA2C67CFA700F2E072 /* ContentView.swift */ = {isa = PBXFileReference; lastKnownFileType = sourcecode.swift; path = ContentView.swift; sourceTree = "<group>"; };
		C95519FC2C67CFA700F2E072 /* Item.swift */ = {isa = PBXFileReference; lastKnownFileType = sourcecode.swift; path = Item.swift; sourceTree = "<group>"; };
		C95519FE2C67CFA900F2E072 /* Assets.xcassets */ = {isa = PBXFileReference; lastKnownFileType = folder.assetcatalog; path = Assets.xcassets; sourceTree = "<group>"; };
		C9551A012C67CFA900F2E072 /* Preview Assets.xcassets */ = {isa = PBXFileReference; lastKnownFileType = folder.assetcatalog; path = "Preview Assets.xcassets"; sourceTree = "<group>"; };
		C9551A092C67E50C00F2E072 /* Expression.swift */ = {isa = PBXFileReference; lastKnownFileType = sourcecode.swift; path = Expression.swift; sourceTree = "<group>"; };
		C9551A0B2C67E68000F2E072 /* Emotion.swift */ = {isa = PBXFileReference; lastKnownFileType = sourcecode.swift; path = Emotion.swift; sourceTree = "<group>"; };
		C9551A0D2C67EA7700F2E072 /* Prompt.swift */ = {isa = PBXFileReference; lastKnownFileType = sourcecode.swift; path = Prompt.swift; sourceTree = "<group>"; };
		C9551A102C67F98800F2E072 /* DailyStreak.swift */ = {isa = PBXFileReference; lastKnownFileType = sourcecode.swift; path = DailyStreak.swift; sourceTree = "<group>"; };
		C9551A122C67F9BE00F2E072 /* RecentEmotions.swift */ = {isa = PBXFileReference; lastKnownFileType = sourcecode.swift; path = RecentEmotions.swift; sourceTree = "<group>"; };
		C9551A142C6822AC00F2E072 /* MenuBar.swift */ = {isa = PBXFileReference; lastKnownFileType = sourcecode.swift; path = MenuBar.swift; sourceTree = "<group>"; };
		C9551A162C685DA200F2E072 /* PromptNavigationCard.swift */ = {isa = PBXFileReference; lastKnownFileType = sourcecode.swift; path = PromptNavigationCard.swift; sourceTree = "<group>"; };
		C9551A182C685DE900F2E072 /* NewExpression.swift */ = {isa = PBXFileReference; lastKnownFileType = sourcecode.swift; path = NewExpression.swift; sourceTree = "<group>"; };
		C9551A1B2C692DF100F2E072 /* HomeView.swift */ = {isa = PBXFileReference; lastKnownFileType = sourcecode.swift; path = HomeView.swift; sourceTree = "<group>"; };
		C9551A1D2C69300200F2E072 /* GalleryView.swift */ = {isa = PBXFileReference; lastKnownFileType = sourcecode.swift; path = GalleryView.swift; sourceTree = "<group>"; };
		C9551A1F2C6930E100F2E072 /* AllEmotions.swift */ = {isa = PBXFileReference; lastKnownFileType = sourcecode.swift; path = AllEmotions.swift; sourceTree = "<group>"; };
		C9551A222C69B14800F2E072 /* ExpressionPrompt.swift */ = {isa = PBXFileReference; lastKnownFileType = sourcecode.swift; path = ExpressionPrompt.swift; sourceTree = "<group>"; };
		C9551A242C69B90B00F2E072 /* DrawExpression.swift */ = {isa = PBXFileReference; lastKnownFileType = sourcecode.swift; path = DrawExpression.swift; sourceTree = "<group>"; };
		C9551A282C6BCBFF00F2E072 /* ExpressionForm.swift */ = {isa = PBXFileReference; lastKnownFileType = sourcecode.swift; path = ExpressionForm.swift; sourceTree = "<group>"; };
		C9551A2C2C702B5500F2E072 /* ExpressionGridItem.swift */ = {isa = PBXFileReference; lastKnownFileType = sourcecode.swift; path = ExpressionGridItem.swift; sourceTree = "<group>"; };
		C9551A2E2C7123EC00F2E072 /* ExpressionFeedItem.swift */ = {isa = PBXFileReference; lastKnownFileType = sourcecode.swift; path = ExpressionFeedItem.swift; sourceTree = "<group>"; };
		C9551A302C71248700F2E072 /* ExpressionFeed.swift */ = {isa = PBXFileReference; lastKnownFileType = sourcecode.swift; path = ExpressionFeed.swift; sourceTree = "<group>"; };
/* End PBXFileReference section */

/* Begin PBXFrameworksBuildPhase section */
		C95519F22C67CFA700F2E072 /* Frameworks */ = {
			isa = PBXFrameworksBuildPhase;
			buildActionMask = 2147483647;
			files = (
			);
			runOnlyForDeploymentPostprocessing = 0;
		};
/* End PBXFrameworksBuildPhase section */

/* Begin PBXGroup section */
		C95519EC2C67CFA700F2E072 = {
			isa = PBXGroup;
			children = (
				C95519F72C67CFA700F2E072 /* Emotionary */,
				C95519F62C67CFA700F2E072 /* Products */,
			);
			sourceTree = "<group>";
		};
		C95519F62C67CFA700F2E072 /* Products */ = {
			isa = PBXGroup;
			children = (
				C95519F52C67CFA700F2E072 /* Emotionary.app */,
			);
			name = Products;
			sourceTree = "<group>";
		};
		C95519F72C67CFA700F2E072 /* Emotionary */ = {
			isa = PBXGroup;
			children = (
				C9551A212C69A40100F2E072 /* Create Expression */,
				C9551A1A2C692DBB00F2E072 /* Gallery Views */,
				C9551A0F2C67F90F00F2E072 /* Home Views */,
				C9551A082C67E4BA00F2E072 /* Models */,
				C95519F82C67CFA700F2E072 /* EmotionaryApp.swift */,
				C95519FA2C67CFA700F2E072 /* ContentView.swift */,
				C9551A1B2C692DF100F2E072 /* HomeView.swift */,
				C9551A1D2C69300200F2E072 /* GalleryView.swift */,
				C9551A142C6822AC00F2E072 /* MenuBar.swift */,
				C95519FC2C67CFA700F2E072 /* Item.swift */,
				C95519FE2C67CFA900F2E072 /* Assets.xcassets */,
				C9551A002C67CFA900F2E072 /* Preview Content */,
			);
			path = Emotionary;
			sourceTree = "<group>";
		};
		C9551A002C67CFA900F2E072 /* Preview Content */ = {
			isa = PBXGroup;
			children = (
				C9551A012C67CFA900F2E072 /* Preview Assets.xcassets */,
			);
			path = "Preview Content";
			sourceTree = "<group>";
		};
		C9551A082C67E4BA00F2E072 /* Models */ = {
			isa = PBXGroup;
			children = (
				C9551A092C67E50C00F2E072 /* Expression.swift */,
				C9551A0B2C67E68000F2E072 /* Emotion.swift */,
				C9551A0D2C67EA7700F2E072 /* Prompt.swift */,
			);
			path = Models;
			sourceTree = "<group>";
		};
		C9551A0F2C67F90F00F2E072 /* Home Views */ = {
			isa = PBXGroup;
			children = (
				C9551A102C67F98800F2E072 /* DailyStreak.swift */,
				C9551A122C67F9BE00F2E072 /* RecentEmotions.swift */,
				C9551A1F2C6930E100F2E072 /* AllEmotions.swift */,
			);
			path = "Home Views";
			sourceTree = "<group>";
		};
		C9551A1A2C692DBB00F2E072 /* Gallery Views */ = {
			isa = PBXGroup;
			children = (
				C9551A2C2C702B5500F2E072 /* ExpressionGridItem.swift */,
				C9551A2E2C7123EC00F2E072 /* ExpressionFeedItem.swift */,
				C9551A302C71248700F2E072 /* ExpressionFeed.swift */,
			);
			path = "Gallery Views";
			sourceTree = "<group>";
		};
		C9551A212C69A40100F2E072 /* Create Expression */ = {
			isa = PBXGroup;
			children = (
				C9551A182C685DE900F2E072 /* NewExpression.swift */,
				C9551A162C685DA200F2E072 /* PromptNavigationCard.swift */,
				C9551A242C69B90B00F2E072 /* DrawExpression.swift */,
				C9551A222C69B14800F2E072 /* ExpressionPrompt.swift */,
				C9551A282C6BCBFF00F2E072 /* ExpressionForm.swift */,
			);
			path = "Create Expression";
			sourceTree = "<group>";
		};
/* End PBXGroup section */

/* Begin PBXNativeTarget section */
		C95519F42C67CFA700F2E072 /* Emotionary */ = {
			isa = PBXNativeTarget;
			buildConfigurationList = C9551A052C67CFA900F2E072 /* Build configuration list for PBXNativeTarget "Emotionary" */;
			buildPhases = (
				C95519F12C67CFA700F2E072 /* Sources */,
				C95519F22C67CFA700F2E072 /* Frameworks */,
				C95519F32C67CFA700F2E072 /* Resources */,
			);
			buildRules = (
			);
			dependencies = (
			);
			name = Emotionary;
			productName = Emotionary;
			productReference = C95519F52C67CFA700F2E072 /* Emotionary.app */;
			productType = "com.apple.product-type.application";
		};
/* End PBXNativeTarget section */

/* Begin PBXProject section */
		C95519ED2C67CFA700F2E072 /* Project object */ = {
			isa = PBXProject;
			attributes = {
				BuildIndependentTargetsInParallel = 1;
				LastSwiftUpdateCheck = 1540;
				LastUpgradeCheck = 1540;
				TargetAttributes = {
					C95519F42C67CFA700F2E072 = {
						CreatedOnToolsVersion = 15.4;
					};
				};
			};
			buildConfigurationList = C95519F02C67CFA700F2E072 /* Build configuration list for PBXProject "Emotionary" */;
			compatibilityVersion = "Xcode 14.0";
			developmentRegion = en;
			hasScannedForEncodings = 0;
			knownRegions = (
				en,
				Base,
			);
			mainGroup = C95519EC2C67CFA700F2E072;
			productRefGroup = C95519F62C67CFA700F2E072 /* Products */;
			projectDirPath = "";
			projectRoot = "";
			targets = (
				C95519F42C67CFA700F2E072 /* Emotionary */,
			);
		};
/* End PBXProject section */

/* Begin PBXResourcesBuildPhase section */
		C95519F32C67CFA700F2E072 /* Resources */ = {
			isa = PBXResourcesBuildPhase;
			buildActionMask = 2147483647;
			files = (
				C9551A022C67CFA900F2E072 /* Preview Assets.xcassets in Resources */,
				C95519FF2C67CFA900F2E072 /* Assets.xcassets in Resources */,
			);
			runOnlyForDeploymentPostprocessing = 0;
		};
/* End PBXResourcesBuildPhase section */

/* Begin PBXSourcesBuildPhase section */
		C95519F12C67CFA700F2E072 /* Sources */ = {
			isa = PBXSourcesBuildPhase;
			buildActionMask = 2147483647;
			files = (
				C95519FB2C67CFA700F2E072 /* ContentView.swift in Sources */,
				C9551A112C67F98800F2E072 /* DailyStreak.swift in Sources */,
				C9551A0E2C67EA7700F2E072 /* Prompt.swift in Sources */,
				C9551A192C685DE900F2E072 /* NewExpression.swift in Sources */,
				C9551A1E2C69300200F2E072 /* GalleryView.swift in Sources */,
				C9551A0C2C67E68000F2E072 /* Emotion.swift in Sources */,
				C9551A292C6BCC0000F2E072 /* ExpressionForm.swift in Sources */,
				C9551A2D2C702B5500F2E072 /* ExpressionGridItem.swift in Sources */,
				C95519FD2C67CFA700F2E072 /* Item.swift in Sources */,
				C9551A232C69B14800F2E072 /* ExpressionPrompt.swift in Sources */,
				C9551A172C685DA200F2E072 /* PromptNavigationCard.swift in Sources */,
				C9551A152C6822AC00F2E072 /* MenuBar.swift in Sources */,
				C95519F92C67CFA700F2E072 /* EmotionaryApp.swift in Sources */,
				C9551A312C71248700F2E072 /* ExpressionFeed.swift in Sources */,
				C9551A2F2C7123EC00F2E072 /* ExpressionFeedItem.swift in Sources */,
				C9551A202C6930E100F2E072 /* AllEmotions.swift in Sources */,
				C9551A1C2C692DF100F2E072 /* HomeView.swift in Sources */,
				C9551A252C69B90C00F2E072 /* DrawExpression.swift in Sources */,
				C9551A132C67F9BE00F2E072 /* RecentEmotions.swift in Sources */,
				C9551A0A2C67E50C00F2E072 /* Expression.swift in Sources */,
			);
			runOnlyForDeploymentPostprocessing = 0;
		};
/* End PBXSourcesBuildPhase section */

/* Begin XCBuildConfiguration section */
		C9551A032C67CFA900F2E072 /* Debug */ = {
			isa = XCBuildConfiguration;
			buildSettings = {
				ALWAYS_SEARCH_USER_PATHS = NO;
				ASSETCATALOG_COMPILER_GENERATE_SWIFT_ASSET_SYMBOL_EXTENSIONS = YES;
				CLANG_ANALYZER_NONNULL = YES;
				CLANG_ANALYZER_NUMBER_OBJECT_CONVERSION = YES_AGGRESSIVE;
				CLANG_CXX_LANGUAGE_STANDARD = "gnu++20";
				CLANG_ENABLE_MODULES = YES;
				CLANG_ENABLE_OBJC_ARC = YES;
				CLANG_ENABLE_OBJC_WEAK = YES;
				CLANG_WARN_BLOCK_CAPTURE_AUTORELEASING = YES;
				CLANG_WARN_BOOL_CONVERSION = YES;
				CLANG_WARN_COMMA = YES;
				CLANG_WARN_CONSTANT_CONVERSION = YES;
				CLANG_WARN_DEPRECATED_OBJC_IMPLEMENTATIONS = YES;
				CLANG_WARN_DIRECT_OBJC_ISA_USAGE = YES_ERROR;
				CLANG_WARN_DOCUMENTATION_COMMENTS = YES;
				CLANG_WARN_EMPTY_BODY = YES;
				CLANG_WARN_ENUM_CONVERSION = YES;
				CLANG_WARN_INFINITE_RECURSION = YES;
				CLANG_WARN_INT_CONVERSION = YES;
				CLANG_WARN_NON_LITERAL_NULL_CONVERSION = YES;
				CLANG_WARN_OBJC_IMPLICIT_RETAIN_SELF = YES;
				CLANG_WARN_OBJC_LITERAL_CONVERSION = YES;
				CLANG_WARN_OBJC_ROOT_CLASS = YES_ERROR;
				CLANG_WARN_QUOTED_INCLUDE_IN_FRAMEWORK_HEADER = YES;
				CLANG_WARN_RANGE_LOOP_ANALYSIS = YES;
				CLANG_WARN_STRICT_PROTOTYPES = YES;
				CLANG_WARN_SUSPICIOUS_MOVE = YES;
				CLANG_WARN_UNGUARDED_AVAILABILITY = YES_AGGRESSIVE;
				CLANG_WARN_UNREACHABLE_CODE = YES;
				CLANG_WARN__DUPLICATE_METHOD_MATCH = YES;
				COPY_PHASE_STRIP = NO;
				DEBUG_INFORMATION_FORMAT = dwarf;
				ENABLE_STRICT_OBJC_MSGSEND = YES;
				ENABLE_TESTABILITY = YES;
				ENABLE_USER_SCRIPT_SANDBOXING = YES;
				GCC_C_LANGUAGE_STANDARD = gnu17;
				GCC_DYNAMIC_NO_PIC = NO;
				GCC_NO_COMMON_BLOCKS = YES;
				GCC_OPTIMIZATION_LEVEL = 0;
				GCC_PREPROCESSOR_DEFINITIONS = (
					"DEBUG=1",
					"$(inherited)",
				);
				GCC_WARN_64_TO_32_BIT_CONVERSION = YES;
				GCC_WARN_ABOUT_RETURN_TYPE = YES_ERROR;
				GCC_WARN_UNDECLARED_SELECTOR = YES;
				GCC_WARN_UNINITIALIZED_AUTOS = YES_AGGRESSIVE;
				GCC_WARN_UNUSED_FUNCTION = YES;
				GCC_WARN_UNUSED_VARIABLE = YES;
				IPHONEOS_DEPLOYMENT_TARGET = 17.5;
				LOCALIZATION_PREFERS_STRING_CATALOGS = YES;
				MTL_ENABLE_DEBUG_INFO = INCLUDE_SOURCE;
				MTL_FAST_MATH = YES;
				ONLY_ACTIVE_ARCH = YES;
				SDKROOT = iphoneos;
				SWIFT_ACTIVE_COMPILATION_CONDITIONS = "DEBUG $(inherited)";
				SWIFT_OPTIMIZATION_LEVEL = "-Onone";
			};
			name = Debug;
		};
		C9551A042C67CFA900F2E072 /* Release */ = {
			isa = XCBuildConfiguration;
			buildSettings = {
				ALWAYS_SEARCH_USER_PATHS = NO;
				ASSETCATALOG_COMPILER_GENERATE_SWIFT_ASSET_SYMBOL_EXTENSIONS = YES;
				CLANG_ANALYZER_NONNULL = YES;
				CLANG_ANALYZER_NUMBER_OBJECT_CONVERSION = YES_AGGRESSIVE;
				CLANG_CXX_LANGUAGE_STANDARD = "gnu++20";
				CLANG_ENABLE_MODULES = YES;
				CLANG_ENABLE_OBJC_ARC = YES;
				CLANG_ENABLE_OBJC_WEAK = YES;
				CLANG_WARN_BLOCK_CAPTURE_AUTORELEASING = YES;
				CLANG_WARN_BOOL_CONVERSION = YES;
				CLANG_WARN_COMMA = YES;
				CLANG_WARN_CONSTANT_CONVERSION = YES;
				CLANG_WARN_DEPRECATED_OBJC_IMPLEMENTATIONS = YES;
				CLANG_WARN_DIRECT_OBJC_ISA_USAGE = YES_ERROR;
				CLANG_WARN_DOCUMENTATION_COMMENTS = YES;
				CLANG_WARN_EMPTY_BODY = YES;
				CLANG_WARN_ENUM_CONVERSION = YES;
				CLANG_WARN_INFINITE_RECURSION = YES;
				CLANG_WARN_INT_CONVERSION = YES;
				CLANG_WARN_NON_LITERAL_NULL_CONVERSION = YES;
				CLANG_WARN_OBJC_IMPLICIT_RETAIN_SELF = YES;
				CLANG_WARN_OBJC_LITERAL_CONVERSION = YES;
				CLANG_WARN_OBJC_ROOT_CLASS = YES_ERROR;
				CLANG_WARN_QUOTED_INCLUDE_IN_FRAMEWORK_HEADER = YES;
				CLANG_WARN_RANGE_LOOP_ANALYSIS = YES;
				CLANG_WARN_STRICT_PROTOTYPES = YES;
				CLANG_WARN_SUSPICIOUS_MOVE = YES;
				CLANG_WARN_UNGUARDED_AVAILABILITY = YES_AGGRESSIVE;
				CLANG_WARN_UNREACHABLE_CODE = YES;
				CLANG_WARN__DUPLICATE_METHOD_MATCH = YES;
				COPY_PHASE_STRIP = NO;
				DEBUG_INFORMATION_FORMAT = "dwarf-with-dsym";
				ENABLE_NS_ASSERTIONS = NO;
				ENABLE_STRICT_OBJC_MSGSEND = YES;
				ENABLE_USER_SCRIPT_SANDBOXING = YES;
				GCC_C_LANGUAGE_STANDARD = gnu17;
				GCC_NO_COMMON_BLOCKS = YES;
				GCC_WARN_64_TO_32_BIT_CONVERSION = YES;
				GCC_WARN_ABOUT_RETURN_TYPE = YES_ERROR;
				GCC_WARN_UNDECLARED_SELECTOR = YES;
				GCC_WARN_UNINITIALIZED_AUTOS = YES_AGGRESSIVE;
				GCC_WARN_UNUSED_FUNCTION = YES;
				GCC_WARN_UNUSED_VARIABLE = YES;
				IPHONEOS_DEPLOYMENT_TARGET = 17.5;
				LOCALIZATION_PREFERS_STRING_CATALOGS = YES;
				MTL_ENABLE_DEBUG_INFO = NO;
				MTL_FAST_MATH = YES;
				SDKROOT = iphoneos;
				SWIFT_COMPILATION_MODE = wholemodule;
				VALIDATE_PRODUCT = YES;
			};
			name = Release;
		};
		C9551A062C67CFA900F2E072 /* Debug */ = {
			isa = XCBuildConfiguration;
			buildSettings = {
				ASSETCATALOG_COMPILER_APPICON_NAME = AppIcon;
				ASSETCATALOG_COMPILER_GLOBAL_ACCENT_COLOR_NAME = AccentColor;
				CODE_SIGN_STYLE = Automatic;
				CURRENT_PROJECT_VERSION = 1;
				DEVELOPMENT_ASSET_PATHS = "\"Emotionary/Preview Content\"";
				ENABLE_PREVIEWS = YES;
				GENERATE_INFOPLIST_FILE = YES;
				INFOPLIST_KEY_UIApplicationSceneManifest_Generation = YES;
				INFOPLIST_KEY_UIApplicationSupportsIndirectInputEvents = YES;
				INFOPLIST_KEY_UILaunchScreen_Generation = YES;
				INFOPLIST_KEY_UISupportedInterfaceOrientations_iPad = "UIInterfaceOrientationPortrait UIInterfaceOrientationPortraitUpsideDown UIInterfaceOrientationLandscapeLeft UIInterfaceOrientationLandscapeRight";
				INFOPLIST_KEY_UISupportedInterfaceOrientations_iPhone = "UIInterfaceOrientationPortrait UIInterfaceOrientationLandscapeLeft UIInterfaceOrientationLandscapeRight";
				LD_RUNPATH_SEARCH_PATHS = (
					"$(inherited)",
					"@executable_path/Frameworks",
				);
				MARKETING_VERSION = 1.0;
				PRODUCT_BUNDLE_IDENTIFIER = praveenkalva.Emotionary;
				PRODUCT_NAME = "$(TARGET_NAME)";
				SWIFT_EMIT_LOC_STRINGS = YES;
				SWIFT_VERSION = 5.0;
				TARGETED_DEVICE_FAMILY = "1,2";
			};
			name = Debug;
		};
		C9551A072C67CFA900F2E072 /* Release */ = {
			isa = XCBuildConfiguration;
			buildSettings = {
				ASSETCATALOG_COMPILER_APPICON_NAME = AppIcon;
				ASSETCATALOG_COMPILER_GLOBAL_ACCENT_COLOR_NAME = AccentColor;
				CODE_SIGN_STYLE = Automatic;
				CURRENT_PROJECT_VERSION = 1;
				DEVELOPMENT_ASSET_PATHS = "\"Emotionary/Preview Content\"";
				ENABLE_PREVIEWS = YES;
				GENERATE_INFOPLIST_FILE = YES;
				INFOPLIST_KEY_UIApplicationSceneManifest_Generation = YES;
				INFOPLIST_KEY_UIApplicationSupportsIndirectInputEvents = YES;
				INFOPLIST_KEY_UILaunchScreen_Generation = YES;
				INFOPLIST_KEY_UISupportedInterfaceOrientations_iPad = "UIInterfaceOrientationPortrait UIInterfaceOrientationPortraitUpsideDown UIInterfaceOrientationLandscapeLeft UIInterfaceOrientationLandscapeRight";
				INFOPLIST_KEY_UISupportedInterfaceOrientations_iPhone = "UIInterfaceOrientationPortrait UIInterfaceOrientationLandscapeLeft UIInterfaceOrientationLandscapeRight";
				LD_RUNPATH_SEARCH_PATHS = (
					"$(inherited)",
					"@executable_path/Frameworks",
				);
				MARKETING_VERSION = 1.0;
				PRODUCT_BUNDLE_IDENTIFIER = praveenkalva.Emotionary;
				PRODUCT_NAME = "$(TARGET_NAME)";
				SWIFT_EMIT_LOC_STRINGS = YES;
				SWIFT_VERSION = 5.0;
				TARGETED_DEVICE_FAMILY = "1,2";
			};
			name = Release;
		};
/* End XCBuildConfiguration section */

/* Begin XCConfigurationList section */
		C95519F02C67CFA700F2E072 /* Build configuration list for PBXProject "Emotionary" */ = {
			isa = XCConfigurationList;
			buildConfigurations = (
				C9551A032C67CFA900F2E072 /* Debug */,
				C9551A042C67CFA900F2E072 /* Release */,
			);
			defaultConfigurationIsVisible = 0;
			defaultConfigurationName = Release;
		};
		C9551A052C67CFA900F2E072 /* Build configuration list for PBXNativeTarget "Emotionary" */ = {
			isa = XCConfigurationList;
			buildConfigurations = (
				C9551A062C67CFA900F2E072 /* Debug */,
				C9551A072C67CFA900F2E072 /* Release */,
			);
			defaultConfigurationIsVisible = 0;
			defaultConfigurationName = Release;
		};
/* End XCConfigurationList section */
	};
	rootObject = C95519ED2C67CFA700F2E072 /* Project object */;
}
